Microsoft Visual Studio Solution File, Format Version 12.00
# Visual Studio Version 16
VisualStudioVersion = 16.0.29318.209
MinimumVisualStudioVersion = 10.0.40219.1
Project("{9A19103F-16F7-4668-BE54-9A1E7A4F7556}") = "Doitsu.Ecommerce.Core", "Doitsu.Ecommerce.Core\Doitsu.Ecommerce.Core.csproj", "{0143AF97-82AD-428B-8A2E-F2EE46AA9C48}"
EndProject
Global
	GlobalSection(SolutionConfigurationPlatforms) = preSolution
		Debug|Any CPU = Debug|Any CPU
		Release|Any CPU = Release|Any CPU
	EndGlobalSection
	GlobalSection(ProjectConfigurationPlatforms) = postSolution
		{0143AF97-82AD-428B-8A2E-F2EE46AA9C48}.Debug|Any CPU.ActiveCfg = Debug|Any CPU
		{0143AF97-82AD-428B-8A2E-F2EE46AA9C48}.Debug|Any CPU.Build.0 = Debug|Any CPU
		{0143AF97-82AD-428B-8A2E-F2EE46AA9C48}.Release|Any CPU.ActiveCfg = Release|Any CPU
		{0143AF97-82AD-428B-8A2E-F2EE46AA9C48}.Release|Any CPU.Build.0 = Release|Any CPU
	EndGlobalSection
	GlobalSection(SolutionProperties) = preSolution
		HideSolutionNode = FALSE
	EndGlobalSection
	GlobalSection(ExtensibilityGlobals) = postSolution
		SolutionGuid = {66AC9005-03D0-4BEB-A607-6172E1D42244}
	EndGlobalSection
EndGlobal
