
Microsoft Visual Studio Solution File, Format Version 12.00
# Visual Studio 15
Project("{FAE04EC0-301F-11D3-BF4B-00C04F79EFBC}") = "Doitsu.Ecommerce.Core", "Doitsu.Ecommerce.Core\Doitsu.Ecommerce.Core.csproj", "{0143AF97-82AD-428B-8A2E-F2EE46AA9C48}"
EndProject
Project("{FAE04EC0-301F-11D3-BF4B-00C04F79EFBC}") = "Doitsu.Service.Core", "..\Doitsu.Technology.Core\Doitsu.Technology.Core\Doitsu.Service.Core\Doitsu.Service.Core.csproj", "{6D9D4D38-76E4-4460-8A4B-809884D6571E}"
EndProject
Global
	GlobalSection(SolutionConfigurationPlatforms) = preSolution
		Debug|Any CPU = Debug|Any CPU
		Release|Any CPU = Release|Any CPU
	EndGlobalSection
	GlobalSection(ProjectConfigurationPlatforms) = postSolution
		{0143AF97-82AD-428B-8A2E-F2EE46AA9C48}.Debug|Any CPU.ActiveCfg = Debug|Any CPU
		{0143AF97-82AD-428B-8A2E-F2EE46AA9C48}.Debug|Any CPU.Build.0 = Debug|Any CPU
		{0143AF97-82AD-428B-8A2E-F2EE46AA9C48}.Release|Any CPU.ActiveCfg = Release|Any CPU
		{0143AF97-82AD-428B-8A2E-F2EE46AA9C48}.Release|Any CPU.Build.0 = Release|Any CPU
		{6D9D4D38-76E4-4460-8A4B-809884D6571E}.Debug|Any CPU.ActiveCfg = Debug|Any CPU
		{6D9D4D38-76E4-4460-8A4B-809884D6571E}.Debug|Any CPU.Build.0 = Debug|Any CPU
		{6D9D4D38-76E4-4460-8A4B-809884D6571E}.Release|Any CPU.ActiveCfg = Release|Any CPU
		{6D9D4D38-76E4-4460-8A4B-809884D6571E}.Release|Any CPU.Build.0 = Release|Any CPU
	EndGlobalSection
EndGlobal
